// !$*UTF8*$!
{
	archiveVersion = 1;
	classes = {
	};
	objectVersion = 77;
	objects = {

/* Begin PBXBuildFile section */
		792F770F2EF929C30099CC3B /* Auth in Frameworks */ = {isa = PBXBuildFile; productRef = 792F770E2EF929C30099CC3B /* Auth */; };
		792F77112EF929C30099CC3B /* Functions in Frameworks */ = {isa = PBXBuildFile; productRef = 792F77102EF929C30099CC3B /* Functions */; };
		792F77132EF929C30099CC3B /* PostgREST in Frameworks */ = {isa = PBXBuildFile; productRef = 792F77122EF929C30099CC3B /* PostgREST */; };
		792F77152EF929C30099CC3B /* Realtime in Frameworks */ = {isa = PBXBuildFile; productRef = 792F77142EF929C30099CC3B /* Realtime */; };
		792F77172EF929C30099CC3B /* Storage in Frameworks */ = {isa = PBXBuildFile; productRef = 792F77162EF929C30099CC3B /* Storage */; };
		792F77192EF929C30099CC3B /* Supabase in Frameworks */ = {isa = PBXBuildFile; productRef = 792F77182EF929C30099CC3B /* Supabase */; };
/* End PBXBuildFile section */

/* Begin PBXContainerItemProxy section */
		792F765A2EF8741F0099CC3B /* PBXContainerItemProxy */ = {
			isa = PBXContainerItemProxy;
			containerPortal = 792F76442EF8741E0099CC3B /* Project object */;
			proxyType = 1;
			remoteGlobalIDString = 792F764B2EF8741E0099CC3B;
			remoteInfo = Hauz;
		};
		792F76642EF8741F0099CC3B /* PBXContainerItemProxy */ = {
			isa = PBXContainerItemProxy;
			containerPortal = 792F76442EF8741E0099CC3B /* Project object */;
			proxyType = 1;
			remoteGlobalIDString = 792F764B2EF8741E0099CC3B;
			remoteInfo = Hauz;
		};
/* End PBXContainerItemProxy section */

/* Begin PBXFileReference section */
		792F764C2EF8741E0099CC3B /* Hauz.app */ = {isa = PBXFileReference; explicitFileType = wrapper.application; includeInIndex = 0; path = Hauz.app; sourceTree = BUILT_PRODUCTS_DIR; };
		792F76592EF8741F0099CC3B /* HauzTests.xctest */ = {isa = PBXFileReference; explicitFileType = wrapper.cfbundle; includeInIndex = 0; path = HauzTests.xctest; sourceTree = BUILT_PRODUCTS_DIR; };
		792F76632EF8741F0099CC3B /* HauzUITests.xctest */ = {isa = PBXFileReference; explicitFileType = wrapper.cfbundle; includeInIndex = 0; path = HauzUITests.xctest; sourceTree = BUILT_PRODUCTS_DIR; };
/* End PBXFileReference section */

/* Begin PBXFileSystemSynchronizedBuildFileExceptionSet section */
		792F77012EF923E40099CC3B /* Exceptions for "Hauz" folder in "Hauz" target */ = {
			isa = PBXFileSystemSynchronizedBuildFileExceptionSet;
			membershipExceptions = (
				Info.plist,
			);
			target = 792F764B2EF8741E0099CC3B /* Hauz */;
		};
/* End PBXFileSystemSynchronizedBuildFileExceptionSet section */

/* Begin PBXFileSystemSynchronizedRootGroup section */
		792F764E2EF8741E0099CC3B /* Hauz */ = {
			isa = PBXFileSystemSynchronizedRootGroup;
			exceptions = (
				792F77012EF923E40099CC3B /* Exceptions for "Hauz" folder in "Hauz" target */,
			);
			path = Hauz;
			sourceTree = "<group>";
		};
		792F765C2EF8741F0099CC3B /* HauzTests */ = {
			isa = PBXFileSystemSynchronizedRootGroup;
			path = HauzTests;
			sourceTree = "<group>";
		};
		792F76662EF8741F0099CC3B /* HauzUITests */ = {
			isa = PBXFileSystemSynchronizedRootGroup;
			path = HauzUITests;
			sourceTree = "<group>";
		};
/* End PBXFileSystemSynchronizedRootGroup section */

/* Begin PBXFrameworksBuildPhase section */
		792F76492EF8741E0099CC3B /* Frameworks */ = {
			isa = PBXFrameworksBuildPhase;
			buildActionMask = 2147483647;
			files = (
				792F77132EF929C30099CC3B /* PostgREST in Frameworks */,
				792F77112EF929C30099CC3B /* Functions in Frameworks */,
				792F77192EF929C30099CC3B /* Supabase in Frameworks */,
				792F770F2EF929C30099CC3B /* Auth in Frameworks */,
				792F77172EF929C30099CC3B /* Storage in Frameworks */,
				792F77152EF929C30099CC3B /* Realtime in Frameworks */,
			);
			runOnlyForDeploymentPostprocessing = 0;
		};
		792F76562EF8741F0099CC3B /* Frameworks */ = {
			isa = PBXFrameworksBuildPhase;
			buildActionMask = 2147483647;
			files = (
			);
			runOnlyForDeploymentPostprocessing = 0;
		};
		792F76602EF8741F0099CC3B /* Frameworks */ = {
			isa = PBXFrameworksBuildPhase;
			buildActionMask = 2147483647;
			files = (
			);
			runOnlyForDeploymentPostprocessing = 0;
		};
/* End PBXFrameworksBuildPhase section */

/* Begin PBXGroup section */
		792F76432EF8741E0099CC3B = {
			isa = PBXGroup;
			children = (
				792F764E2EF8741E0099CC3B /* Hauz */,
				792F765C2EF8741F0099CC3B /* HauzTests */,
				792F76662EF8741F0099CC3B /* HauzUITests */,
				792F764D2EF8741E0099CC3B /* Products */,
			);
			sourceTree = "<group>";
		};
		792F764D2EF8741E0099CC3B /* Products */ = {
			isa = PBXGroup;
			children = (
				792F764C2EF8741E0099CC3B /* Hauz.app */,
				792F76592EF8741F0099CC3B /* HauzTests.xctest */,
				792F76632EF8741F0099CC3B /* HauzUITests.xctest */,
			);
			name = Products;
			sourceTree = "<group>";
		};
/* End PBXGroup section */

/* Begin PBXNativeTarget section */
		792F764B2EF8741E0099CC3B /* Hauz */ = {
			isa = PBXNativeTarget;
			buildConfigurationList = 792F766D2EF8741F0099CC3B /* Build configuration list for PBXNativeTarget "Hauz" */;
			buildPhases = (
				792F76482EF8741E0099CC3B /* Sources */,
				792F76492EF8741E0099CC3B /* Frameworks */,
				792F764A2EF8741E0099CC3B /* Resources */,
			);
			buildRules = (
			);
			dependencies = (
			);
			fileSystemSynchronizedGroups = (
				792F764E2EF8741E0099CC3B /* Hauz */,
			);
			name = Hauz;
			packageProductDependencies = (
				792F770E2EF929C30099CC3B /* Auth */,
				792F77102EF929C30099CC3B /* Functions */,
				792F77122EF929C30099CC3B /* PostgREST */,
				792F77142EF929C30099CC3B /* Realtime */,
				792F77162EF929C30099CC3B /* Storage */,
				792F77182EF929C30099CC3B /* Supabase */,
			);
			productName = Hauz;
			productReference = 792F764C2EF8741E0099CC3B /* Hauz.app */;
			productType = "com.apple.product-type.application";
		};
		792F76582EF8741F0099CC3B /* HauzTests */ = {
			isa = PBXNativeTarget;
			buildConfigurationList = 792F76702EF8741F0099CC3B /* Build configuration list for PBXNativeTarget "HauzTests" */;
			buildPhases = (
				792F76552EF8741F0099CC3B /* Sources */,
				792F76562EF8741F0099CC3B /* Frameworks */,
				792F76572EF8741F0099CC3B /* Resources */,
			);
			buildRules = (
			);
			dependencies = (
				792F765B2EF8741F0099CC3B /* PBXTargetDependency */,
			);
			fileSystemSynchronizedGroups = (
				792F765C2EF8741F0099CC3B /* HauzTests */,
			);
			name = HauzTests;
			packageProductDependencies = (
			);
			productName = HauzTests;
			productReference = 792F76592EF8741F0099CC3B /* HauzTests.xctest */;
			productType = "com.apple.product-type.bundle.unit-test";
		};
		792F76622EF8741F0099CC3B /* HauzUITests */ = {
			isa = PBXNativeTarget;
			buildConfigurationList = 792F76732EF8741F0099CC3B /* Build configuration list for PBXNativeTarget "HauzUITests" */;
			buildPhases = (
				792F765F2EF8741F0099CC3B /* Sources */,
				792F76602EF8741F0099CC3B /* Frameworks */,
				792F76612EF8741F0099CC3B /* Resources */,
			);
			buildRules = (
			);
			dependencies = (
				792F76652EF8741F0099CC3B /* PBXTargetDependency */,
			);
			fileSystemSynchronizedGroups = (
				792F76662EF8741F0099CC3B /* HauzUITests */,
			);
			name = HauzUITests;
			packageProductDependencies = (
			);
			productName = HauzUITests;
			productReference = 792F76632EF8741F0099CC3B /* HauzUITests.xctest */;
			productType = "com.apple.product-type.bundle.ui-testing";
		};
/* End PBXNativeTarget section */

/* Begin PBXProject section */
		792F76442EF8741E0099CC3B /* Project object */ = {
			isa = PBXProject;
			attributes = {
				BuildIndependentTargetsInParallel = 1;
				LastSwiftUpdateCheck = 2600;
				LastUpgradeCheck = 2600;
				TargetAttributes = {
					792F764B2EF8741E0099CC3B = {
						CreatedOnToolsVersion = 26.0.1;
					};
					792F76582EF8741F0099CC3B = {
						CreatedOnToolsVersion = 26.0.1;
						TestTargetID = 792F764B2EF8741E0099CC3B;
					};
					792F76622EF8741F0099CC3B = {
						CreatedOnToolsVersion = 26.0.1;
						TestTargetID = 792F764B2EF8741E0099CC3B;
					};
				};
			};
			buildConfigurationList = 792F76472EF8741E0099CC3B /* Build configuration list for PBXProject "Hauz" */;
			developmentRegion = en;
			hasScannedForEncodings = 0;
			knownRegions = (
				en,
				Base,
			);
			mainGroup = 792F76432EF8741E0099CC3B;
			minimizedProjectReferenceProxies = 1;
			packageReferences = (
				792F770D2EF929C30099CC3B /* XCRemoteSwiftPackageReference "supabase-swift" */,
			);
			preferredProjectObjectVersion = 77;
			productRefGroup = 792F764D2EF8741E0099CC3B /* Products */;
			projectDirPath = "";
			projectRoot = "";
			targets = (
				792F764B2EF8741E0099CC3B /* Hauz */,
				792F76582EF8741F0099CC3B /* HauzTests */,
				792F76622EF8741F0099CC3B /* HauzUITests */,
			);
		};
/* End PBXProject section */

/* Begin PBXResourcesBuildPhase section */
		792F764A2EF8741E0099CC3B /* Resources */ = {
			isa = PBXResourcesBuildPhase;
			buildActionMask = 2147483647;
			files = (
			);
			runOnlyForDeploymentPostprocessing = 0;
		};
		792F76572EF8741F0099CC3B /* Resources */ = {
			isa = PBXResourcesBuildPhase;
			buildActionMask = 2147483647;
			files = (
			);
			runOnlyForDeploymentPostprocessing = 0;
		};
		792F76612EF8741F0099CC3B /* Resources */ = {
			isa = PBXResourcesBuildPhase;
			buildActionMask = 2147483647;
			files = (
			);
			runOnlyForDeploymentPostprocessing = 0;
		};
/* End PBXResourcesBuildPhase section */

/* Begin PBXSourcesBuildPhase section */
		792F76482EF8741E0099CC3B /* Sources */ = {
			isa = PBXSourcesBuildPhase;
			buildActionMask = 2147483647;
			files = (
			);
			runOnlyForDeploymentPostprocessing = 0;
		};
		792F76552EF8741F0099CC3B /* Sources */ = {
			isa = PBXSourcesBuildPhase;
			buildActionMask = 2147483647;
			files = (
			);
			runOnlyForDeploymentPostprocessing = 0;
		};
		792F765F2EF8741F0099CC3B /* Sources */ = {
			isa = PBXSourcesBuildPhase;
			buildActionMask = 2147483647;
			files = (
			);
			runOnlyForDeploymentPostprocessing = 0;
		};
/* End PBXSourcesBuildPhase section */

/* Begin PBXTargetDependency section */
		792F765B2EF8741F0099CC3B /* PBXTargetDependency */ = {
			isa = PBXTargetDependency;
			target = 792F764B2EF8741E0099CC3B /* Hauz */;
			targetProxy = 792F765A2EF8741F0099CC3B /* PBXContainerItemProxy */;
		};
		792F76652EF8741F0099CC3B /* PBXTargetDependency */ = {
			isa = PBXTargetDependency;
			target = 792F764B2EF8741E0099CC3B /* Hauz */;
			targetProxy = 792F76642EF8741F0099CC3B /* PBXContainerItemProxy */;
		};
/* End PBXTargetDependency section */

/* Begin XCBuildConfiguration section */
		792F766B2EF8741F0099CC3B /* Debug */ = {
			isa = XCBuildConfiguration;
			buildSettings = {
				ALWAYS_SEARCH_USER_PATHS = NO;
				ASSETCATALOG_COMPILER_GENERATE_SWIFT_ASSET_SYMBOL_EXTENSIONS = YES;
				CLANG_ANALYZER_NONNULL = YES;
				CLANG_ANALYZER_NUMBER_OBJECT_CONVERSION = YES_AGGRESSIVE;
				CLANG_CXX_LANGUAGE_STANDARD = "gnu++20";
				CLANG_ENABLE_MODULES = YES;
				CLANG_ENABLE_OBJC_ARC = YES;
				CLANG_ENABLE_OBJC_WEAK = YES;
				CLANG_WARN_BLOCK_CAPTURE_AUTORELEASING = YES;
				CLANG_WARN_BOOL_CONVERSION = YES;
				CLANG_WARN_COMMA = YES;
				CLANG_WARN_CONSTANT_CONVERSION = YES;
				CLANG_WARN_DEPRECATED_OBJC_IMPLEMENTATIONS = YES;
				CLANG_WARN_DIRECT_OBJC_ISA_USAGE = YES_ERROR;
				CLANG_WARN_DOCUMENTATION_COMMENTS = YES;
				CLANG_WARN_EMPTY_BODY = YES;
				CLANG_WARN_ENUM_CONVERSION = YES;
				CLANG_WARN_INFINITE_RECURSION = YES;
				CLANG_WARN_INT_CONVERSION = YES;
				CLANG_WARN_NON_LITERAL_NULL_CONVERSION = YES;
				CLANG_WARN_OBJC_IMPLICIT_RETAIN_SELF = YES;
				CLANG_WARN_OBJC_LITERAL_CONVERSION = YES;
				CLANG_WARN_OBJC_ROOT_CLASS = YES_ERROR;
				CLANG_WARN_QUOTED_INCLUDE_IN_FRAMEWORK_HEADER = YES;
				CLANG_WARN_RANGE_LOOP_ANALYSIS = YES;
				CLANG_WARN_STRICT_PROTOTYPES = YES;
				CLANG_WARN_SUSPICIOUS_MOVE = YES;
				CLANG_WARN_UNGUARDED_AVAILABILITY = YES_AGGRESSIVE;
				CLANG_WARN_UNREACHABLE_CODE = YES;
				CLANG_WARN__DUPLICATE_METHOD_MATCH = YES;
				COPY_PHASE_STRIP = NO;
				DEBUG_INFORMATION_FORMAT = dwarf;
				DEVELOPMENT_TEAM = Z9484A96Y9;
				ENABLE_STRICT_OBJC_MSGSEND = YES;
				ENABLE_TESTABILITY = YES;
				ENABLE_USER_SCRIPT_SANDBOXING = YES;
				GCC_C_LANGUAGE_STANDARD = gnu17;
				GCC_DYNAMIC_NO_PIC = NO;
				GCC_NO_COMMON_BLOCKS = YES;
				GCC_OPTIMIZATION_LEVEL = 0;
				GCC_PREPROCESSOR_DEFINITIONS = (
					"DEBUG=1",
					"$(inherited)",
				);
				GCC_WARN_64_TO_32_BIT_CONVERSION = YES;
				GCC_WARN_ABOUT_RETURN_TYPE = YES_ERROR;
				GCC_WARN_UNDECLARED_SELECTOR = YES;
				GCC_WARN_UNINITIALIZED_AUTOS = YES_AGGRESSIVE;
				GCC_WARN_UNUSED_FUNCTION = YES;
				GCC_WARN_UNUSED_VARIABLE = YES;
				IPHONEOS_DEPLOYMENT_TARGET = 26.0;
				LOCALIZATION_PREFERS_STRING_CATALOGS = YES;
				MTL_ENABLE_DEBUG_INFO = INCLUDE_SOURCE;
				MTL_FAST_MATH = YES;
				ONLY_ACTIVE_ARCH = YES;
				SDKROOT = iphoneos;
				SWIFT_ACTIVE_COMPILATION_CONDITIONS = "DEBUG $(inherited)";
				SWIFT_OPTIMIZATION_LEVEL = "-Onone";
			};
			name = Debug;
		};
		792F766C2EF8741F0099CC3B /* Release */ = {
			isa = XCBuildConfiguration;
			buildSettings = {
				ALWAYS_SEARCH_USER_PATHS = NO;
				ASSETCATALOG_COMPILER_GENERATE_SWIFT_ASSET_SYMBOL_EXTENSIONS = YES;
				CLANG_ANALYZER_NONNULL = YES;
				CLANG_ANALYZER_NUMBER_OBJECT_CONVERSION = YES_AGGRESSIVE;
				CLANG_CXX_LANGUAGE_STANDARD = "gnu++20";
				CLANG_ENABLE_MODULES = YES;
				CLANG_ENABLE_OBJC_ARC = YES;
				CLANG_ENABLE_OBJC_WEAK = YES;
				CLANG_WARN_BLOCK_CAPTURE_AUTORELEASING = YES;
				CLANG_WARN_BOOL_CONVERSION = YES;
				CLANG_WARN_COMMA = YES;
				CLANG_WARN_CONSTANT_CONVERSION = YES;
				CLANG_WARN_DEPRECATED_OBJC_IMPLEMENTATIONS = YES;
				CLANG_WARN_DIRECT_OBJC_ISA_USAGE = YES_ERROR;
				CLANG_WARN_DOCUMENTATION_COMMENTS = YES;
				CLANG_WARN_EMPTY_BODY = YES;
				CLANG_WARN_ENUM_CONVERSION = YES;
				CLANG_WARN_INFINITE_RECURSION = YES;
				CLANG_WARN_INT_CONVERSION = YES;
				CLANG_WARN_NON_LITERAL_NULL_CONVERSION = YES;
				CLANG_WARN_OBJC_IMPLICIT_RETAIN_SELF = YES;
				CLANG_WARN_OBJC_LITERAL_CONVERSION = YES;
				CLANG_WARN_OBJC_ROOT_CLASS = YES_ERROR;
				CLANG_WARN_QUOTED_INCLUDE_IN_FRAMEWORK_HEADER = YES;
				CLANG_WARN_RANGE_LOOP_ANALYSIS = YES;
				CLANG_WARN_STRICT_PROTOTYPES = YES;
				CLANG_WARN_SUSPICIOUS_MOVE = YES;
				CLANG_WARN_UNGUARDED_AVAILABILITY = YES_AGGRESSIVE;
				CLANG_WARN_UNREACHABLE_CODE = YES;
				CLANG_WARN__DUPLICATE_METHOD_MATCH = YES;
				COPY_PHASE_STRIP = NO;
				DEBUG_INFORMATION_FORMAT = "dwarf-with-dsym";
				DEVELOPMENT_TEAM = Z9484A96Y9;
				ENABLE_NS_ASSERTIONS = NO;
				ENABLE_STRICT_OBJC_MSGSEND = YES;
				ENABLE_USER_SCRIPT_SANDBOXING = YES;
				GCC_C_LANGUAGE_STANDARD = gnu17;
				GCC_NO_COMMON_BLOCKS = YES;
				GCC_WARN_64_TO_32_BIT_CONVERSION = YES;
				GCC_WARN_ABOUT_RETURN_TYPE = YES_ERROR;
				GCC_WARN_UNDECLARED_SELECTOR = YES;
				GCC_WARN_UNINITIALIZED_AUTOS = YES_AGGRESSIVE;
				GCC_WARN_UNUSED_FUNCTION = YES;
				GCC_WARN_UNUSED_VARIABLE = YES;
				IPHONEOS_DEPLOYMENT_TARGET = 26.0;
				LOCALIZATION_PREFERS_STRING_CATALOGS = YES;
				MTL_ENABLE_DEBUG_INFO = NO;
				MTL_FAST_MATH = YES;
				SDKROOT = iphoneos;
				SWIFT_COMPILATION_MODE = wholemodule;
				VALIDATE_PRODUCT = YES;
			};
			name = Release;
		};
		792F766E2EF8741F0099CC3B /* Debug */ = {
			isa = XCBuildConfiguration;
			buildSettings = {
				ASSETCATALOG_COMPILER_APPICON_NAME = AppIcon;
				ASSETCATALOG_COMPILER_GLOBAL_ACCENT_COLOR_NAME = AccentColor;
				CODE_SIGN_STYLE = Automatic;
				CURRENT_PROJECT_VERSION = 1;
				DEVELOPMENT_TEAM = Z9484A96Y9;
				ENABLE_PREVIEWS = YES;
				GENERATE_INFOPLIST_FILE = YES;
				INFOPLIST_FILE = Hauz/Info.plist;
				INFOPLIST_KEY_UIApplicationSceneManifest_Generation = YES;
				INFOPLIST_KEY_UIApplicationSupportsIndirectInputEvents = YES;
				INFOPLIST_KEY_UILaunchScreen_Generation = YES;
				INFOPLIST_KEY_UISupportedInterfaceOrientations_iPad = "UIInterfaceOrientationPortrait UIInterfaceOrientationPortraitUpsideDown UIInterfaceOrientationLandscapeLeft UIInterfaceOrientationLandscapeRight";
				INFOPLIST_KEY_UISupportedInterfaceOrientations_iPhone = "UIInterfaceOrientationPortrait UIInterfaceOrientationLandscapeLeft UIInterfaceOrientationLandscapeRight";
				LD_RUNPATH_SEARCH_PATHS = (
					"$(inherited)",
					"@executable_path/Frameworks",
				);
				MARKETING_VERSION = 1.0;
				PRODUCT_BUNDLE_IDENTIFIER = com.islomSh.Hauz;
				PRODUCT_NAME = "$(TARGET_NAME)";
				STRING_CATALOG_GENERATE_SYMBOLS = YES;
				SWIFT_APPROACHABLE_CONCURRENCY = YES;
				SWIFT_DEFAULT_ACTOR_ISOLATION = MainActor;
				SWIFT_EMIT_LOC_STRINGS = YES;
				SWIFT_UPCOMING_FEATURE_MEMBER_IMPORT_VISIBILITY = YES;
				SWIFT_VERSION = 5.0;
				TARGETED_DEVICE_FAMILY = "1,2";
			};
			name = Debug;
		};
		792F766F2EF8741F0099CC3B /* Release */ = {
			isa = XCBuildConfiguration;
			buildSettings = {
				ASSETCATALOG_COMPILER_APPICON_NAME = AppIcon;
				ASSETCATALOG_COMPILER_GLOBAL_ACCENT_COLOR_NAME = AccentColor;
				CODE_SIGN_STYLE = Automatic;
				CURRENT_PROJECT_VERSION = 1;
				DEVELOPMENT_TEAM = Z9484A96Y9;
				ENABLE_PREVIEWS = YES;
				GENERATE_INFOPLIST_FILE = YES;
				INFOPLIST_FILE = Hauz/Info.plist;
				INFOPLIST_KEY_UIApplicationSceneManifest_Generation = YES;
				INFOPLIST_KEY_UIApplicationSupportsIndirectInputEvents = YES;
				INFOPLIST_KEY_UILaunchScreen_Generation = YES;
				INFOPLIST_KEY_UISupportedInterfaceOrientations_iPad = "UIInterfaceOrientationPortrait UIInterfaceOrientationPortraitUpsideDown UIInterfaceOrientationLandscapeLeft UIInterfaceOrientationLandscapeRight";
				INFOPLIST_KEY_UISupportedInterfaceOrientations_iPhone = "UIInterfaceOrientationPortrait UIInterfaceOrientationLandscapeLeft UIInterfaceOrientationLandscapeRight";
				LD_RUNPATH_SEARCH_PATHS = (
					"$(inherited)",
					"@executable_path/Frameworks",
				);
				MARKETING_VERSION = 1.0;
				PRODUCT_BUNDLE_IDENTIFIER = com.islomSh.Hauz;
				PRODUCT_NAME = "$(TARGET_NAME)";
				STRING_CATALOG_GENERATE_SYMBOLS = YES;
				SWIFT_APPROACHABLE_CONCURRENCY = YES;
				SWIFT_DEFAULT_ACTOR_ISOLATION = MainActor;
				SWIFT_EMIT_LOC_STRINGS = YES;
				SWIFT_UPCOMING_FEATURE_MEMBER_IMPORT_VISIBILITY = YES;
				SWIFT_VERSION = 5.0;
				TARGETED_DEVICE_FAMILY = "1,2";
			};
			name = Release;
		};
		792F76712EF8741F0099CC3B /* Debug */ = {
			isa = XCBuildConfiguration;
			buildSettings = {
				BUNDLE_LOADER = "$(TEST_HOST)";
				CODE_SIGN_STYLE = Automatic;
				CURRENT_PROJECT_VERSION = 1;
				DEVELOPMENT_TEAM = Z9484A96Y9;
				GENERATE_INFOPLIST_FILE = YES;
				IPHONEOS_DEPLOYMENT_TARGET = 26.0;
				MARKETING_VERSION = 1.0;
				PRODUCT_BUNDLE_IDENTIFIER = com.islomSh.HauzTests;
				PRODUCT_NAME = "$(TARGET_NAME)";
				STRING_CATALOG_GENERATE_SYMBOLS = NO;
				SWIFT_APPROACHABLE_CONCURRENCY = YES;
				SWIFT_EMIT_LOC_STRINGS = NO;
				SWIFT_UPCOMING_FEATURE_MEMBER_IMPORT_VISIBILITY = YES;
				SWIFT_VERSION = 5.0;
				TARGETED_DEVICE_FAMILY = "1,2";
				TEST_HOST = "$(BUILT_PRODUCTS_DIR)/Hauz.app/$(BUNDLE_EXECUTABLE_FOLDER_PATH)/Hauz";
			};
			name = Debug;
		};
		792F76722EF8741F0099CC3B /* Release */ = {
			isa = XCBuildConfiguration;
			buildSettings = {
				BUNDLE_LOADER = "$(TEST_HOST)";
				CODE_SIGN_STYLE = Automatic;
				CURRENT_PROJECT_VERSION = 1;
				DEVELOPMENT_TEAM = Z9484A96Y9;
				GENERATE_INFOPLIST_FILE = YES;
				IPHONEOS_DEPLOYMENT_TARGET = 26.0;
				MARKETING_VERSION = 1.0;
				PRODUCT_BUNDLE_IDENTIFIER = com.islomSh.HauzTests;
				PRODUCT_NAME = "$(TARGET_NAME)";
				STRING_CATALOG_GENERATE_SYMBOLS = NO;
				SWIFT_APPROACHABLE_CONCURRENCY = YES;
				SWIFT_EMIT_LOC_STRINGS = NO;
				SWIFT_UPCOMING_FEATURE_MEMBER_IMPORT_VISIBILITY = YES;
				SWIFT_VERSION = 5.0;
				TARGETED_DEVICE_FAMILY = "1,2";
				TEST_HOST = "$(BUILT_PRODUCTS_DIR)/Hauz.app/$(BUNDLE_EXECUTABLE_FOLDER_PATH)/Hauz";
			};
			name = Release;
		};
		792F76742EF8741F0099CC3B /* Debug */ = {
			isa = XCBuildConfiguration;
			buildSettings = {
				CODE_SIGN_STYLE = Automatic;
				CURRENT_PROJECT_VERSION = 1;
				DEVELOPMENT_TEAM = Z9484A96Y9;
				GENERATE_INFOPLIST_FILE = YES;
				MARKETING_VERSION = 1.0;
				PRODUCT_BUNDLE_IDENTIFIER = com.islomSh.HauzUITests;
				PRODUCT_NAME = "$(TARGET_NAME)";
				STRING_CATALOG_GENERATE_SYMBOLS = NO;
				SWIFT_APPROACHABLE_CONCURRENCY = YES;
				SWIFT_EMIT_LOC_STRINGS = NO;
				SWIFT_UPCOMING_FEATURE_MEMBER_IMPORT_VISIBILITY = YES;
				SWIFT_VERSION = 5.0;
				TARGETED_DEVICE_FAMILY = "1,2";
				TEST_TARGET_NAME = Hauz;
			};
			name = Debug;
		};
		792F76752EF8741F0099CC3B /* Release */ = {
			isa = XCBuildConfiguration;
			buildSettings = {
				CODE_SIGN_STYLE = Automatic;
				CURRENT_PROJECT_VERSION = 1;
				DEVELOPMENT_TEAM = Z9484A96Y9;
				GENERATE_INFOPLIST_FILE = YES;
				MARKETING_VERSION = 1.0;
				PRODUCT_BUNDLE_IDENTIFIER = com.islomSh.HauzUITests;
				PRODUCT_NAME = "$(TARGET_NAME)";
				STRING_CATALOG_GENERATE_SYMBOLS = NO;
				SWIFT_APPROACHABLE_CONCURRENCY = YES;
				SWIFT_EMIT_LOC_STRINGS = NO;
				SWIFT_UPCOMING_FEATURE_MEMBER_IMPORT_VISIBILITY = YES;
				SWIFT_VERSION = 5.0;
				TARGETED_DEVICE_FAMILY = "1,2";
				TEST_TARGET_NAME = Hauz;
			};
			name = Release;
		};
/* End XCBuildConfiguration section */

/* Begin XCConfigurationList section */
		792F76472EF8741E0099CC3B /* Build configuration list for PBXProject "Hauz" */ = {
			isa = XCConfigurationList;
			buildConfigurations = (
				792F766B2EF8741F0099CC3B /* Debug */,
				792F766C2EF8741F0099CC3B /* Release */,
			);
			defaultConfigurationIsVisible = 0;
			defaultConfigurationName = Release;
		};
		792F766D2EF8741F0099CC3B /* Build configuration list for PBXNativeTarget "Hauz" */ = {
			isa = XCConfigurationList;
			buildConfigurations = (
				792F766E2EF8741F0099CC3B /* Debug */,
				792F766F2EF8741F0099CC3B /* Release */,
			);
			defaultConfigurationIsVisible = 0;
			defaultConfigurationName = Release;
		};
		792F76702EF8741F0099CC3B /* Build configuration list for PBXNativeTarget "HauzTests" */ = {
			isa = XCConfigurationList;
			buildConfigurations = (
				792F76712EF8741F0099CC3B /* Debug */,
				792F76722EF8741F0099CC3B /* Release */,
			);
			defaultConfigurationIsVisible = 0;
			defaultConfigurationName = Release;
		};
		792F76732EF8741F0099CC3B /* Build configuration list for PBXNativeTarget "HauzUITests" */ = {
			isa = XCConfigurationList;
			buildConfigurations = (
				792F76742EF8741F0099CC3B /* Debug */,
				792F76752EF8741F0099CC3B /* Release */,
			);
			defaultConfigurationIsVisible = 0;
			defaultConfigurationName = Release;
		};
/* End XCConfigurationList section */

/* Begin XCRemoteSwiftPackageReference section */
		792F770D2EF929C30099CC3B /* XCRemoteSwiftPackageReference "supabase-swift" */ = {
			isa = XCRemoteSwiftPackageReference;
			repositoryURL = "https://github.com/supabase/supabase-swift.git";
			requirement = {
				kind = upToNextMajorVersion;
				minimumVersion = 2.5.1;
			};
		};
/* End XCRemoteSwiftPackageReference section */

/* Begin XCSwiftPackageProductDependency section */
		792F770E2EF929C30099CC3B /* Auth */ = {
			isa = XCSwiftPackageProductDependency;
			package = 792F770D2EF929C30099CC3B /* XCRemoteSwiftPackageReference "supabase-swift" */;
			productName = Auth;
		};
		792F77102EF929C30099CC3B /* Functions */ = {
			isa = XCSwiftPackageProductDependency;
			package = 792F770D2EF929C30099CC3B /* XCRemoteSwiftPackageReference "supabase-swift" */;
			productName = Functions;
		};
		792F77122EF929C30099CC3B /* PostgREST */ = {
			isa = XCSwiftPackageProductDependency;
			package = 792F770D2EF929C30099CC3B /* XCRemoteSwiftPackageReference "supabase-swift" */;
			productName = PostgREST;
		};
		792F77142EF929C30099CC3B /* Realtime */ = {
			isa = XCSwiftPackageProductDependency;
			package = 792F770D2EF929C30099CC3B /* XCRemoteSwiftPackageReference "supabase-swift" */;
			productName = Realtime;
		};
		792F77162EF929C30099CC3B /* Storage */ = {
			isa = XCSwiftPackageProductDependency;
			package = 792F770D2EF929C30099CC3B /* XCRemoteSwiftPackageReference "supabase-swift" */;
			productName = Storage;
		};
		792F77182EF929C30099CC3B /* Supabase */ = {
			isa = XCSwiftPackageProductDependency;
			package = 792F770D2EF929C30099CC3B /* XCRemoteSwiftPackageReference "supabase-swift" */;
			productName = Supabase;
		};
/* End XCSwiftPackageProductDependency section */
	};
	rootObject = 792F76442EF8741E0099CC3B /* Project object */;
}
